
Microsoft Visual Studio Solution File, Format Version 12.00
Project("{FAE04EC0-301F-11D3-BF4B-00C04F79EFBC}") = "C-SharpPracticeChallenges", "C-SharpPracticeChallenges\C-SharpPracticeChallenges.csproj", "{4879BB47-696F-4BB1-8486-25757FBA61A1}"
EndProject
Global
	GlobalSection(SolutionConfigurationPlatforms) = preSolution
		Debug|Any CPU = Debug|Any CPU
		Release|Any CPU = Release|Any CPU
	EndGlobalSection
	GlobalSection(ProjectConfigurationPlatforms) = postSolution
		{4879BB47-696F-4BB1-8486-25757FBA61A1}.Debug|Any CPU.ActiveCfg = Debug|Any CPU
		{4879BB47-696F-4BB1-8486-25757FBA61A1}.Debug|Any CPU.Build.0 = Debug|Any CPU
		{4879BB47-696F-4BB1-8486-25757FBA61A1}.Release|Any CPU.ActiveCfg = Release|Any CPU
		{4879BB47-696F-4BB1-8486-25757FBA61A1}.Release|Any CPU.Build.0 = Release|Any CPU
	EndGlobalSection
EndGlobal
